
Microsoft Visual Studio Solution File, Format Version 12.00
# Visual Studio Version 17
VisualStudioVersion = 17.4.33213.308
MinimumVisualStudioVersion = 10.0.40219.1
Project("{9A19103F-16F7-4668-BE54-9A1E7A4F7556}") = "SafeIn_mvs_test", "SafeIn_mvs_test\SafeIn_mvs_test.csproj", "{E16885B2-15E0-41C7-9172-841F414475B3}"
EndProject
Global
	GlobalSection(SolutionConfigurationPlatforms) = preSolution
		Debug|Any CPU = Debug|Any CPU
		Release|Any CPU = Release|Any CPU
	EndGlobalSection
	GlobalSection(ProjectConfigurationPlatforms) = postSolution
		{E16885B2-15E0-41C7-9172-841F414475B3}.Debug|Any CPU.ActiveCfg = Debug|Any CPU
		{E16885B2-15E0-41C7-9172-841F414475B3}.Debug|Any CPU.Build.0 = Debug|Any CPU
		{E16885B2-15E0-41C7-9172-841F414475B3}.Release|Any CPU.ActiveCfg = Release|Any CPU
		{E16885B2-15E0-41C7-9172-841F414475B3}.Release|Any CPU.Build.0 = Release|Any CPU
	EndGlobalSection
	GlobalSection(SolutionProperties) = preSolution
		HideSolutionNode = FALSE
	EndGlobalSection
	GlobalSection(ExtensibilityGlobals) = postSolution
		SolutionGuid = {FF28F01D-0D8C-4A3D-AE7F-E385044E9AE0}
	EndGlobalSection
EndGlobal
